Microsoft Visual Studio Solution File, Format Version 12.00
# Visual Studio Version 17
VisualStudioVersion = 17.5.2.0
MinimumVisualStudioVersion = 10.0.40219.1
Project("{FAE04EC0-301F-11D3-BF4B-00C04F79EFBC}") = "StairGenerator", "StairGenerator.csproj", "{D341B960-63EB-E33F-0439-BED0800C255D}"
EndProject
Global
	GlobalSection(SolutionConfigurationPlatforms) = preSolution
		Debug|Any CPU = Debug|Any CPU
		Release|Any CPU = Release|Any CPU
	EndGlobalSection
	GlobalSection(ProjectConfigurationPlatforms) = postSolution
		{D341B960-63EB-E33F-0439-BED0800C255D}.Debug|Any CPU.ActiveCfg = Debug|Any CPU
		{D341B960-63EB-E33F-0439-BED0800C255D}.Debug|Any CPU.Build.0 = Debug|Any CPU
		{D341B960-63EB-E33F-0439-BED0800C255D}.Release|Any CPU.ActiveCfg = Release|Any CPU
		{D341B960-63EB-E33F-0439-BED0800C255D}.Release|Any CPU.Build.0 = Release|Any CPU
	EndGlobalSection
	GlobalSection(SolutionProperties) = preSolution
		HideSolutionNode = FALSE
	EndGlobalSection
	GlobalSection(ExtensibilityGlobals) = postSolution
		SolutionGuid = {8ADFADB2-2DFF-452C-8ABE-7A8CDAAA19B9}
	EndGlobalSection
EndGlobal
